
Microsoft Visual Studio Solution File, Format Version 12.00
# Visual Studio 15
VisualStudioVersion = 15.0.28307.1267
MinimumVisualStudioVersion = 10.0.40219.1
Project("{FAE04EC0-301F-11D3-BF4B-00C04F79EFBC}") = "SIRO", "SIRO\SIRO.csproj", "{C6A13AF9-B4F9-4CD2-9526-68546DF537B8}"
EndProject
Project("{2150E333-8FDC-42A3-9474-1A3956D46DE8}") = "Recursos", "Recursos", "{E232B0BA-C4BB-4A3E-ABCB-35FA2F112062}"
EndProject
Project("{FAE04EC0-301F-11D3-BF4B-00C04F79EFBC}") = "CMACMaynas.Web.SIRO.AccesoDatos", "CMACMaynas.Web.SIRO.AccesoDatos\CMACMaynas.Web.SIRO.AccesoDatos.csproj", "{F44BCD9E-954A-4CD0-90D1-30F85872A35A}"
EndProject
Project("{FAE04EC0-301F-11D3-BF4B-00C04F79EFBC}") = "CMACMaynas.Web.SIRO.Negocio", "CMACMaynas.Web.SIRO.Negocio\CMACMaynas.Web.SIRO.Negocio.csproj", "{18B68E43-B2D2-4947-9FEC-22455C33D96B}"
EndProject
Project("{FAE04EC0-301F-11D3-BF4B-00C04F79EFBC}") = "CMACMaynas.Web.SIRO.Aplicacion", "CMACMaynas.Web.SIRO.Aplicacion\CMACMaynas.Web.SIRO.Aplicacion.csproj", "{397EA26E-7188-445C-9E1D-3E448B2E1C08}"
EndProject
Project("{2150E333-8FDC-42A3-9474-1A3956D46DE8}") = "Repositories", "Repositories", "{C2710175-D95E-424F-BC9C-8E03D2029DF1}"
EndProject
Project("{FAE04EC0-301F-11D3-BF4B-00C04F79EFBC}") = "CMACMaynas.Web.SIRO.AccesoDatos.Interface", "CMACMaynas.Web.SIRO.AccesoDatos.Interface\CMACMaynas.Web.SIRO.AccesoDatos.Interface.csproj", "{092C921B-667F-4ABA-A4FE-76F2B5A73660}"
EndProject
Project("{2150E333-8FDC-42A3-9474-1A3956D46DE8}") = "Model", "Model", "{D2BBD3B2-20F3-436E-87D3-A1A0EF9DAB4B}"
EndProject
Project("{2150E333-8FDC-42A3-9474-1A3956D46DE8}") = "Services", "Services", "{A94AF756-4636-4C1A-848A-4E079EE5D0F4}"
EndProject
Project("{2150E333-8FDC-42A3-9474-1A3956D46DE8}") = "Security", "Security", "{3C9CBB94-508F-4350-9232-829B0E581E23}"
EndProject
Project("{FAE04EC0-301F-11D3-BF4B-00C04F79EFBC}") = "CMACMaynas.Web.SIRO.Seguridad", "CMACMaynas.Web.SIRO.Seguridad\CMACMaynas.Web.SIRO.Seguridad.csproj", "{7C3EE85A-2F4F-49E3-AD0A-A65E86005638}"
EndProject
Project("{FAE04EC0-301F-11D3-BF4B-00C04F79EFBC}") = "CMACMaynas.Web.SIRO.Aplicacion.Interface", "CMACMaynas.Web.SIRO.Aplicacion.Interface\CMACMaynas.Web.SIRO.Aplicacion.Interface.csproj", "{F60CE8C6-BF32-46D3-9874-488D584AED33}"
EndProject
Global
	GlobalSection(SolutionConfigurationPlatforms) = preSolution
		Debug|Any CPU = Debug|Any CPU
		Release|Any CPU = Release|Any CPU
	EndGlobalSection
	GlobalSection(ProjectConfigurationPlatforms) = postSolution
		{C6A13AF9-B4F9-4CD2-9526-68546DF537B8}.Debug|Any CPU.ActiveCfg = Debug|Any CPU
		{C6A13AF9-B4F9-4CD2-9526-68546DF537B8}.Debug|Any CPU.Build.0 = Debug|Any CPU
		{C6A13AF9-B4F9-4CD2-9526-68546DF537B8}.Release|Any CPU.ActiveCfg = Release|Any CPU
		{C6A13AF9-B4F9-4CD2-9526-68546DF537B8}.Release|Any CPU.Build.0 = Release|Any CPU
		{F44BCD9E-954A-4CD0-90D1-30F85872A35A}.Debug|Any CPU.ActiveCfg = Debug|Any CPU
		{F44BCD9E-954A-4CD0-90D1-30F85872A35A}.Debug|Any CPU.Build.0 = Debug|Any CPU
		{F44BCD9E-954A-4CD0-90D1-30F85872A35A}.Release|Any CPU.ActiveCfg = Release|Any CPU
		{F44BCD9E-954A-4CD0-90D1-30F85872A35A}.Release|Any CPU.Build.0 = Release|Any CPU
		{18B68E43-B2D2-4947-9FEC-22455C33D96B}.Debug|Any CPU.ActiveCfg = Debug|Any CPU
		{18B68E43-B2D2-4947-9FEC-22455C33D96B}.Debug|Any CPU.Build.0 = Debug|Any CPU
		{18B68E43-B2D2-4947-9FEC-22455C33D96B}.Release|Any CPU.ActiveCfg = Release|Any CPU
		{18B68E43-B2D2-4947-9FEC-22455C33D96B}.Release|Any CPU.Build.0 = Release|Any CPU
		{397EA26E-7188-445C-9E1D-3E448B2E1C08}.Debug|Any CPU.ActiveCfg = Debug|Any CPU
		{397EA26E-7188-445C-9E1D-3E448B2E1C08}.Debug|Any CPU.Build.0 = Debug|Any CPU
		{397EA26E-7188-445C-9E1D-3E448B2E1C08}.Release|Any CPU.ActiveCfg = Release|Any CPU
		{397EA26E-7188-445C-9E1D-3E448B2E1C08}.Release|Any CPU.Build.0 = Release|Any CPU
		{092C921B-667F-4ABA-A4FE-76F2B5A73660}.Debug|Any CPU.ActiveCfg = Debug|Any CPU
		{092C921B-667F-4ABA-A4FE-76F2B5A73660}.Debug|Any CPU.Build.0 = Debug|Any CPU
		{092C921B-667F-4ABA-A4FE-76F2B5A73660}.Release|Any CPU.ActiveCfg = Release|Any CPU
		{092C921B-667F-4ABA-A4FE-76F2B5A73660}.Release|Any CPU.Build.0 = Release|Any CPU
		{7C3EE85A-2F4F-49E3-AD0A-A65E86005638}.Debug|Any CPU.ActiveCfg = Debug|Any CPU
		{7C3EE85A-2F4F-49E3-AD0A-A65E86005638}.Debug|Any CPU.Build.0 = Debug|Any CPU
		{7C3EE85A-2F4F-49E3-AD0A-A65E86005638}.Release|Any CPU.ActiveCfg = Release|Any CPU
		{7C3EE85A-2F4F-49E3-AD0A-A65E86005638}.Release|Any CPU.Build.0 = Release|Any CPU
		{F60CE8C6-BF32-46D3-9874-488D584AED33}.Debug|Any CPU.ActiveCfg = Debug|Any CPU
		{F60CE8C6-BF32-46D3-9874-488D584AED33}.Debug|Any CPU.Build.0 = Debug|Any CPU
		{F60CE8C6-BF32-46D3-9874-488D584AED33}.Release|Any CPU.ActiveCfg = Release|Any CPU
		{F60CE8C6-BF32-46D3-9874-488D584AED33}.Release|Any CPU.Build.0 = Release|Any CPU
	EndGlobalSection
	GlobalSection(SolutionProperties) = preSolution
		HideSolutionNode = FALSE
	EndGlobalSection
	GlobalSection(NestedProjects) = preSolution
		{F44BCD9E-954A-4CD0-90D1-30F85872A35A} = {C2710175-D95E-424F-BC9C-8E03D2029DF1}
		{18B68E43-B2D2-4947-9FEC-22455C33D96B} = {D2BBD3B2-20F3-436E-87D3-A1A0EF9DAB4B}
		{397EA26E-7188-445C-9E1D-3E448B2E1C08} = {A94AF756-4636-4C1A-848A-4E079EE5D0F4}
		{C2710175-D95E-424F-BC9C-8E03D2029DF1} = {E232B0BA-C4BB-4A3E-ABCB-35FA2F112062}
		{092C921B-667F-4ABA-A4FE-76F2B5A73660} = {C2710175-D95E-424F-BC9C-8E03D2029DF1}
		{D2BBD3B2-20F3-436E-87D3-A1A0EF9DAB4B} = {E232B0BA-C4BB-4A3E-ABCB-35FA2F112062}
		{A94AF756-4636-4C1A-848A-4E079EE5D0F4} = {E232B0BA-C4BB-4A3E-ABCB-35FA2F112062}
		{3C9CBB94-508F-4350-9232-829B0E581E23} = {E232B0BA-C4BB-4A3E-ABCB-35FA2F112062}
		{7C3EE85A-2F4F-49E3-AD0A-A65E86005638} = {3C9CBB94-508F-4350-9232-829B0E581E23}
		{F60CE8C6-BF32-46D3-9874-488D584AED33} = {A94AF756-4636-4C1A-848A-4E079EE5D0F4}
	EndGlobalSection
	GlobalSection(ExtensibilityGlobals) = postSolution
		SolutionGuid = {7AA6098B-2390-4338-B687-BE433B165A0D}
	EndGlobalSection
EndGlobal
